// !$*UTF8*$!
{
	archiveVersion = 1;
	classes = {
	};
	objectVersion = 56;
	objects = {

/* Begin PBXBuildFile section */
		990024572B7B4C7E00F94DF7 /* UserDefaultsEnum.swift in Sources */ = {isa = PBXBuildFile; fileRef = 990024562B7B4C7E00F94DF7 /* UserDefaultsEnum.swift */; };
		990024592B7B515700F94DF7 /* DataAccess.swift in Sources */ = {isa = PBXBuildFile; fileRef = 990024582B7B515700F94DF7 /* DataAccess.swift */; };
		9900245B2B7B62BA00F94DF7 /* CustomBackFragment.swift in Sources */ = {isa = PBXBuildFile; fileRef = 9900245A2B7B62BA00F94DF7 /* CustomBackFragment.swift */; };
		9913758A2B7DD12D0080D058 /* PostStatus.swift in Sources */ = {isa = PBXBuildFile; fileRef = 991375892B7DD12D0080D058 /* PostStatus.swift */; };
		9913758C2B7DE73A0080D058 /* TextFragment.swift in Sources */ = {isa = PBXBuildFile; fileRef = 9913758B2B7DE73A0080D058 /* TextFragment.swift */; };
		9951C6372BA25DCE00F23131 /* LocationHelper.swift in Sources */ = {isa = PBXBuildFile; fileRef = 9951C6362BA25DCE00F23131 /* LocationHelper.swift */; };
		996334032B7AF55300E1EBAA /* PostView.swift in Sources */ = {isa = PBXBuildFile; fileRef = 996334022B7AF55300E1EBAA /* PostView.swift */; };
		99741F0E2B7D4E1300B6311F /* MyPostsRow.swift in Sources */ = {isa = PBXBuildFile; fileRef = 99741F0D2B7D4E1300B6311F /* MyPostsRow.swift */; };
		99741F122B7D5FFA00B6311F /* TextboxFragment.swift in Sources */ = {isa = PBXBuildFile; fileRef = 99741F112B7D5FFA00B6311F /* TextboxFragment.swift */; };
		99741F142B7D636400B6311F /* MultilineTextboxFragment.swift in Sources */ = {isa = PBXBuildFile; fileRef = 99741F132B7D636400B6311F /* MultilineTextboxFragment.swift */; };
		99741F162B7D65CE00B6311F /* PageHeadingFragment.swift in Sources */ = {isa = PBXBuildFile; fileRef = 99741F152B7D65CE00B6311F /* PageHeadingFragment.swift */; };
		998345AF2B8E8A3800C4DB8E /* FirebaseConstants.swift in Sources */ = {isa = PBXBuildFile; fileRef = 998345AE2B8E8A3800C4DB8E /* FirebaseConstants.swift */; };
		998345B22B8EA61300C4DB8E /* GeneralFireDBHelper.swift in Sources */ = {isa = PBXBuildFile; fileRef = 998345B12B8EA61300C4DB8E /* GeneralFireDBHelper.swift */; };
		998345B42B8EA63500C4DB8E /* AuthenticationFireDBHelper.swift in Sources */ = {isa = PBXBuildFile; fileRef = 998345B32B8EA63500C4DB8E /* AuthenticationFireDBHelper.swift */; };
		998345B62B8EA64200C4DB8E /* SellingFireDBHelper.swift in Sources */ = {isa = PBXBuildFile; fileRef = 998345B52B8EA64200C4DB8E /* SellingFireDBHelper.swift */; };
		998345B82B8EA65000C4DB8E /* FireAuthHelper.swift in Sources */ = {isa = PBXBuildFile; fileRef = 998345B72B8EA65000C4DB8E /* FireAuthHelper.swift */; };
		998345BA2B8EA69F00C4DB8E /* MiniListing.swift in Sources */ = {isa = PBXBuildFile; fileRef = 998345B92B8EA69F00C4DB8E /* MiniListing.swift */; };
		998345BC2B8EAA8700C4DB8E /* Chatroom.swift in Sources */ = {isa = PBXBuildFile; fileRef = 998345BB2B8EAA8700C4DB8E /* Chatroom.swift */; };
		998345BE2B8EAAFA00C4DB8E /* Chat.swift in Sources */ = {isa = PBXBuildFile; fileRef = 998345BD2B8EAAFA00C4DB8E /* Chat.swift */; };
		998345C02B8EAEB500C4DB8E /* MiniUser.swift in Sources */ = {isa = PBXBuildFile; fileRef = 998345BF2B8EAEB500C4DB8E /* MiniUser.swift */; };
		998345C22B8EB86D00C4DB8E /* GoogleService-Info.plist in Resources */ = {isa = PBXBuildFile; fileRef = 998345C12B8EB86D00C4DB8E /* GoogleService-Info.plist */; };
		99B5E6CD2B75CAC700C0786A /* marketBayApp.swift in Sources */ = {isa = PBXBuildFile; fileRef = 99B5E6CC2B75CAC700C0786A /* marketBayApp.swift */; };
		99B5E6D12B75CACA00C0786A /* Assets.xcassets in Resources */ = {isa = PBXBuildFile; fileRef = 99B5E6D02B75CACA00C0786A /* Assets.xcassets */; };
		99B5E6D42B75CACA00C0786A /* Preview Assets.xcassets in Resources */ = {isa = PBXBuildFile; fileRef = 99B5E6D32B75CACA00C0786A /* Preview Assets.xcassets */; };
		99B5E6DB2B75CB0500C0786A /* DashboardView.swift in Sources */ = {isa = PBXBuildFile; fileRef = 99B5E6DA2B75CB0500C0786A /* DashboardView.swift */; };
		99B5E6DD2B75CC3700C0786A /* MenuTemplate.swift in Sources */ = {isa = PBXBuildFile; fileRef = 99B5E6DC2B75CC3700C0786A /* MenuTemplate.swift */; };
		99B5E6DF2B75CC9C00C0786A /* LoginView.swift in Sources */ = {isa = PBXBuildFile; fileRef = 99B5E6DE2B75CC9C00C0786A /* LoginView.swift */; };
		99B5E6E12B75CCBB00C0786A /* RegistrationView.swift in Sources */ = {isa = PBXBuildFile; fileRef = 99B5E6E02B75CCBB00C0786A /* RegistrationView.swift */; };
		99B5E6E32B75D28100C0786A /* FavoritesView.swift in Sources */ = {isa = PBXBuildFile; fileRef = 99B5E6E22B75D28100C0786A /* FavoritesView.swift */; };
		99B5E6E62B75D4BA00C0786A /* Screens.swift in Sources */ = {isa = PBXBuildFile; fileRef = 99B5E6E52B75D4BA00C0786A /* Screens.swift */; };
		99B5E6E82B75D57F00C0786A /* MyPostsView.swift in Sources */ = {isa = PBXBuildFile; fileRef = 99B5E6E72B75D57F00C0786A /* MyPostsView.swift */; };
		99B5E6EA2B75D5D700C0786A /* ProfileView.swift in Sources */ = {isa = PBXBuildFile; fileRef = 99B5E6E92B75D5D700C0786A /* ProfileView.swift */; };
		99DFA6B02B9ECF1200DEFC15 /* MainView.swift in Sources */ = {isa = PBXBuildFile; fileRef = 99DFA6AF2B9ECF1200DEFC15 /* MainView.swift */; };
		99DFA6BE2B9F93E400DEFC15 /* FirebaseAnalytics in Frameworks */ = {isa = PBXBuildFile; productRef = 99DFA6BD2B9F93E400DEFC15 /* FirebaseAnalytics */; };
		99DFA6C02B9F93E400DEFC15 /* FirebaseAnalyticsOnDeviceConversion in Frameworks */ = {isa = PBXBuildFile; productRef = 99DFA6BF2B9F93E400DEFC15 /* FirebaseAnalyticsOnDeviceConversion */; };
		99DFA6C22B9F93E400DEFC15 /* FirebaseAnalyticsSwift in Frameworks */ = {isa = PBXBuildFile; productRef = 99DFA6C12B9F93E400DEFC15 /* FirebaseAnalyticsSwift */; };
		99DFA6C42B9F93E400DEFC15 /* FirebaseAnalyticsWithoutAdIdSupport in Frameworks */ = {isa = PBXBuildFile; productRef = 99DFA6C32B9F93E400DEFC15 /* FirebaseAnalyticsWithoutAdIdSupport */; };
		99DFA6C62B9F93E400DEFC15 /* FirebaseAppCheck in Frameworks */ = {isa = PBXBuildFile; productRef = 99DFA6C52B9F93E400DEFC15 /* FirebaseAppCheck */; };
		99DFA6C82B9F93E400DEFC15 /* FirebaseAppDistribution-Beta in Frameworks */ = {isa = PBXBuildFile; productRef = 99DFA6C72B9F93E400DEFC15 /* FirebaseAppDistribution-Beta */; };
		99DFA6CA2B9F93E400DEFC15 /* FirebaseAuth in Frameworks */ = {isa = PBXBuildFile; productRef = 99DFA6C92B9F93E400DEFC15 /* FirebaseAuth */; };
		99DFA6CC2B9F93E400DEFC15 /* FirebaseAuthCombine-Community in Frameworks */ = {isa = PBXBuildFile; productRef = 99DFA6CB2B9F93E400DEFC15 /* FirebaseAuthCombine-Community */; };
		99DFA6CE2B9F93E400DEFC15 /* FirebaseCrashlytics in Frameworks */ = {isa = PBXBuildFile; productRef = 99DFA6CD2B9F93E400DEFC15 /* FirebaseCrashlytics */; };
		99DFA6D02B9F93E400DEFC15 /* FirebaseDatabase in Frameworks */ = {isa = PBXBuildFile; productRef = 99DFA6CF2B9F93E400DEFC15 /* FirebaseDatabase */; };
		99DFA6D22B9F93E400DEFC15 /* FirebaseDatabaseSwift in Frameworks */ = {isa = PBXBuildFile; productRef = 99DFA6D12B9F93E400DEFC15 /* FirebaseDatabaseSwift */; };
		99DFA6D42B9F93E400DEFC15 /* FirebaseDynamicLinks in Frameworks */ = {isa = PBXBuildFile; productRef = 99DFA6D32B9F93E400DEFC15 /* FirebaseDynamicLinks */; };
		99DFA6D62B9F93E400DEFC15 /* FirebaseFirestore in Frameworks */ = {isa = PBXBuildFile; productRef = 99DFA6D52B9F93E400DEFC15 /* FirebaseFirestore */; };
		99DFA6D82B9F93E400DEFC15 /* FirebaseFirestoreCombine-Community in Frameworks */ = {isa = PBXBuildFile; productRef = 99DFA6D72B9F93E400DEFC15 /* FirebaseFirestoreCombine-Community */; };
		99DFA6DA2B9F93E400DEFC15 /* FirebaseFirestoreSwift in Frameworks */ = {isa = PBXBuildFile; productRef = 99DFA6D92B9F93E400DEFC15 /* FirebaseFirestoreSwift */; };
		99DFA6DC2B9F93E400DEFC15 /* FirebaseFunctions in Frameworks */ = {isa = PBXBuildFile; productRef = 99DFA6DB2B9F93E400DEFC15 /* FirebaseFunctions */; };
		99DFA6DE2B9F93E400DEFC15 /* FirebaseFunctionsCombine-Community in Frameworks */ = {isa = PBXBuildFile; productRef = 99DFA6DD2B9F93E400DEFC15 /* FirebaseFunctionsCombine-Community */; };
		99DFA6E02B9F93E400DEFC15 /* FirebaseInAppMessaging-Beta in Frameworks */ = {isa = PBXBuildFile; productRef = 99DFA6DF2B9F93E400DEFC15 /* FirebaseInAppMessaging-Beta */; };
		99DFA6E22B9F93E400DEFC15 /* FirebaseInAppMessagingSwift-Beta in Frameworks */ = {isa = PBXBuildFile; productRef = 99DFA6E12B9F93E400DEFC15 /* FirebaseInAppMessagingSwift-Beta */; };
		99DFA6E42B9F93E400DEFC15 /* FirebaseInstallations in Frameworks */ = {isa = PBXBuildFile; productRef = 99DFA6E32B9F93E400DEFC15 /* FirebaseInstallations */; };
		99DFA6E62B9F93E400DEFC15 /* FirebaseMLModelDownloader in Frameworks */ = {isa = PBXBuildFile; productRef = 99DFA6E52B9F93E400DEFC15 /* FirebaseMLModelDownloader */; };
		99DFA6E82B9F93E400DEFC15 /* FirebaseMessaging in Frameworks */ = {isa = PBXBuildFile; productRef = 99DFA6E72B9F93E400DEFC15 /* FirebaseMessaging */; };
		99DFA6EA2B9F93E400DEFC15 /* FirebasePerformance in Frameworks */ = {isa = PBXBuildFile; productRef = 99DFA6E92B9F93E400DEFC15 /* FirebasePerformance */; };
		99DFA6EC2B9F93E400DEFC15 /* FirebaseRemoteConfig in Frameworks */ = {isa = PBXBuildFile; productRef = 99DFA6EB2B9F93E400DEFC15 /* FirebaseRemoteConfig */; };
		99DFA6EE2B9F93E400DEFC15 /* FirebaseRemoteConfigSwift in Frameworks */ = {isa = PBXBuildFile; productRef = 99DFA6ED2B9F93E400DEFC15 /* FirebaseRemoteConfigSwift */; };
		99DFA6F02B9F93E400DEFC15 /* FirebaseStorage in Frameworks */ = {isa = PBXBuildFile; productRef = 99DFA6EF2B9F93E400DEFC15 /* FirebaseStorage */; };
		99DFA6F22B9F93E400DEFC15 /* FirebaseStorageCombine-Community in Frameworks */ = {isa = PBXBuildFile; productRef = 99DFA6F12B9F93E400DEFC15 /* FirebaseStorageCombine-Community */; };
		99DFA6F42B9F9E8D00DEFC15 /* CameraPicker.swift in Sources */ = {isa = PBXBuildFile; fileRef = 99DFA6F32B9F9E8D00DEFC15 /* CameraPicker.swift */; };
		99DFA6F62B9F9E9A00DEFC15 /* PhotoLibraryPicker.swift in Sources */ = {isa = PBXBuildFile; fileRef = 99DFA6F52B9F9E9900DEFC15 /* PhotoLibraryPicker.swift */; };
		99DFA6F82B9FC9A600DEFC15 /* UploadPhotoSubview.swift in Sources */ = {isa = PBXBuildFile; fileRef = 99DFA6F72B9FC9A600DEFC15 /* UploadPhotoSubview.swift */; };
		A64C44522BA1E5E500614E8B /* MapView.swift in Sources */ = {isa = PBXBuildFile; fileRef = A64C44512BA1E5E500614E8B /* MapView.swift */; };
		A64C44542BA1EA4000614E8B /* Condition.swift in Sources */ = {isa = PBXBuildFile; fileRef = A64C44532BA1EA4000614E8B /* Condition.swift */; };
		A6B0BE0C2B7AAF7E006A149A /* MarketplaceView.swift in Sources */ = {isa = PBXBuildFile; fileRef = A6B0BE0B2B7AAF7E006A149A /* MarketplaceView.swift */; };
		A6B0BE0E2B7AAFC0006A149A /* ListingView.swift in Sources */ = {isa = PBXBuildFile; fileRef = A6B0BE0D2B7AAFC0006A149A /* ListingView.swift */; };
		A6B0BE112B7AB341006A149A /* Listing.swift in Sources */ = {isa = PBXBuildFile; fileRef = A6B0BE102B7AB341006A149A /* Listing.swift */; };
		A6B0BE132B7AB34E006A149A /* User.swift in Sources */ = {isa = PBXBuildFile; fileRef = A6B0BE122B7AB34E006A149A /* User.swift */; };
		A6B0BE162B7AC15F006A149A /* CreatePostView.swift in Sources */ = {isa = PBXBuildFile; fileRef = A6B0BE152B7AC15F006A149A /* CreatePostView.swift */; };
		A6B0BE602B7D811D006A149A /* SampleData.swift in Sources */ = {isa = PBXBuildFile; fileRef = A6B0BE5F2B7D811D006A149A /* SampleData.swift */; };
		A6B0BE622B7D87D8006A149A /* Categories.swift in Sources */ = {isa = PBXBuildFile; fileRef = A6B0BE612B7D87D8006A149A /* Categories.swift */; };
		A6B0BE642B7E25F7006A149A /* Collection.swift in Sources */ = {isa = PBXBuildFile; fileRef = A6B0BE632B7E25F7006A149A /* Collection.swift */; };
/* End PBXBuildFile section */

/* Begin PBXFileReference section */
		990024562B7B4C7E00F94DF7 /* UserDefaultsEnum.swift */ = {isa = PBXFileReference; lastKnownFileType = sourcecode.swift; path = UserDefaultsEnum.swift; sourceTree = "<group>"; };
		990024582B7B515700F94DF7 /* DataAccess.swift */ = {isa = PBXFileReference; lastKnownFileType = sourcecode.swift; path = DataAccess.swift; sourceTree = "<group>"; };
		9900245A2B7B62BA00F94DF7 /* CustomBackFragment.swift */ = {isa = PBXFileReference; lastKnownFileType = sourcecode.swift; path = CustomBackFragment.swift; sourceTree = "<group>"; };
		991375892B7DD12D0080D058 /* PostStatus.swift */ = {isa = PBXFileReference; lastKnownFileType = sourcecode.swift; path = PostStatus.swift; sourceTree = "<group>"; };
		9913758B2B7DE73A0080D058 /* TextFragment.swift */ = {isa = PBXFileReference; lastKnownFileType = sourcecode.swift; path = TextFragment.swift; sourceTree = "<group>"; };
		9951C6362BA25DCE00F23131 /* LocationHelper.swift */ = {isa = PBXFileReference; lastKnownFileType = sourcecode.swift; path = LocationHelper.swift; sourceTree = "<group>"; };
		996334022B7AF55300E1EBAA /* PostView.swift */ = {isa = PBXFileReference; lastKnownFileType = sourcecode.swift; path = PostView.swift; sourceTree = "<group>"; };
		99741F0D2B7D4E1300B6311F /* MyPostsRow.swift */ = {isa = PBXFileReference; lastKnownFileType = sourcecode.swift; path = MyPostsRow.swift; sourceTree = "<group>"; };
		99741F112B7D5FFA00B6311F /* TextboxFragment.swift */ = {isa = PBXFileReference; lastKnownFileType = sourcecode.swift; path = TextboxFragment.swift; sourceTree = "<group>"; };
		99741F132B7D636400B6311F /* MultilineTextboxFragment.swift */ = {isa = PBXFileReference; lastKnownFileType = sourcecode.swift; path = MultilineTextboxFragment.swift; sourceTree = "<group>"; };
		99741F152B7D65CE00B6311F /* PageHeadingFragment.swift */ = {isa = PBXFileReference; lastKnownFileType = sourcecode.swift; path = PageHeadingFragment.swift; sourceTree = "<group>"; };
		998345AE2B8E8A3800C4DB8E /* FirebaseConstants.swift */ = {isa = PBXFileReference; lastKnownFileType = sourcecode.swift; path = FirebaseConstants.swift; sourceTree = "<group>"; };
		998345B12B8EA61300C4DB8E /* GeneralFireDBHelper.swift */ = {isa = PBXFileReference; lastKnownFileType = sourcecode.swift; path = GeneralFireDBHelper.swift; sourceTree = "<group>"; };
		998345B32B8EA63500C4DB8E /* AuthenticationFireDBHelper.swift */ = {isa = PBXFileReference; lastKnownFileType = sourcecode.swift; path = AuthenticationFireDBHelper.swift; sourceTree = "<group>"; };
		998345B52B8EA64200C4DB8E /* SellingFireDBHelper.swift */ = {isa = PBXFileReference; lastKnownFileType = sourcecode.swift; path = SellingFireDBHelper.swift; sourceTree = "<group>"; };
		998345B72B8EA65000C4DB8E /* FireAuthHelper.swift */ = {isa = PBXFileReference; lastKnownFileType = sourcecode.swift; path = FireAuthHelper.swift; sourceTree = "<group>"; };
		998345B92B8EA69F00C4DB8E /* MiniListing.swift */ = {isa = PBXFileReference; lastKnownFileType = sourcecode.swift; path = MiniListing.swift; sourceTree = "<group>"; };
		998345BB2B8EAA8700C4DB8E /* Chatroom.swift */ = {isa = PBXFileReference; lastKnownFileType = sourcecode.swift; path = Chatroom.swift; sourceTree = "<group>"; };
		998345BD2B8EAAFA00C4DB8E /* Chat.swift */ = {isa = PBXFileReference; lastKnownFileType = sourcecode.swift; path = Chat.swift; sourceTree = "<group>"; };
		998345BF2B8EAEB500C4DB8E /* MiniUser.swift */ = {isa = PBXFileReference; lastKnownFileType = sourcecode.swift; path = MiniUser.swift; sourceTree = "<group>"; };
		998345C12B8EB86D00C4DB8E /* GoogleService-Info.plist */ = {isa = PBXFileReference; fileEncoding = 4; lastKnownFileType = text.plist.xml; path = "GoogleService-Info.plist"; sourceTree = "<group>"; };
		99B5E6C92B75CAC700C0786A /* marketBay.app */ = {isa = PBXFileReference; explicitFileType = wrapper.application; includeInIndex = 0; path = marketBay.app; sourceTree = BUILT_PRODUCTS_DIR; };
		99B5E6CC2B75CAC700C0786A /* marketBayApp.swift */ = {isa = PBXFileReference; lastKnownFileType = sourcecode.swift; path = marketBayApp.swift; sourceTree = "<group>"; };
		99B5E6D02B75CACA00C0786A /* Assets.xcassets */ = {isa = PBXFileReference; lastKnownFileType = folder.assetcatalog; path = Assets.xcassets; sourceTree = "<group>"; };
		99B5E6D32B75CACA00C0786A /* Preview Assets.xcassets */ = {isa = PBXFileReference; lastKnownFileType = folder.assetcatalog; path = "Preview Assets.xcassets"; sourceTree = "<group>"; };
		99B5E6DA2B75CB0500C0786A /* DashboardView.swift */ = {isa = PBXFileReference; lastKnownFileType = sourcecode.swift; path = DashboardView.swift; sourceTree = "<group>"; };
		99B5E6DC2B75CC3700C0786A /* MenuTemplate.swift */ = {isa = PBXFileReference; lastKnownFileType = sourcecode.swift; path = MenuTemplate.swift; sourceTree = "<group>"; };
		99B5E6DE2B75CC9C00C0786A /* LoginView.swift */ = {isa = PBXFileReference; lastKnownFileType = sourcecode.swift; path = LoginView.swift; sourceTree = "<group>"; };
		99B5E6E02B75CCBB00C0786A /* RegistrationView.swift */ = {isa = PBXFileReference; lastKnownFileType = sourcecode.swift; path = RegistrationView.swift; sourceTree = "<group>"; };
		99B5E6E22B75D28100C0786A /* FavoritesView.swift */ = {isa = PBXFileReference; lastKnownFileType = sourcecode.swift; path = FavoritesView.swift; sourceTree = "<group>"; };
		99B5E6E52B75D4BA00C0786A /* Screens.swift */ = {isa = PBXFileReference; lastKnownFileType = sourcecode.swift; path = Screens.swift; sourceTree = "<group>"; };
		99B5E6E72B75D57F00C0786A /* MyPostsView.swift */ = {isa = PBXFileReference; lastKnownFileType = sourcecode.swift; path = MyPostsView.swift; sourceTree = "<group>"; };
		99B5E6E92B75D5D700C0786A /* ProfileView.swift */ = {isa = PBXFileReference; lastKnownFileType = sourcecode.swift; path = ProfileView.swift; sourceTree = "<group>"; };
		99DFA6AF2B9ECF1200DEFC15 /* MainView.swift */ = {isa = PBXFileReference; lastKnownFileType = sourcecode.swift; path = MainView.swift; sourceTree = "<group>"; };
		99DFA6F32B9F9E8D00DEFC15 /* CameraPicker.swift */ = {isa = PBXFileReference; lastKnownFileType = sourcecode.swift; path = CameraPicker.swift; sourceTree = "<group>"; };
		99DFA6F52B9F9E9900DEFC15 /* PhotoLibraryPicker.swift */ = {isa = PBXFileReference; lastKnownFileType = sourcecode.swift; path = PhotoLibraryPicker.swift; sourceTree = "<group>"; };
		99DFA6F72B9FC9A600DEFC15 /* UploadPhotoSubview.swift */ = {isa = PBXFileReference; lastKnownFileType = sourcecode.swift; path = UploadPhotoSubview.swift; sourceTree = "<group>"; };
		A64C44512BA1E5E500614E8B /* MapView.swift */ = {isa = PBXFileReference; lastKnownFileType = sourcecode.swift; path = MapView.swift; sourceTree = "<group>"; };
		A64C44532BA1EA4000614E8B /* Condition.swift */ = {isa = PBXFileReference; lastKnownFileType = sourcecode.swift; path = Condition.swift; sourceTree = "<group>"; };
		A6B0BE0B2B7AAF7E006A149A /* MarketplaceView.swift */ = {isa = PBXFileReference; lastKnownFileType = sourcecode.swift; path = MarketplaceView.swift; sourceTree = "<group>"; };
		A6B0BE0D2B7AAFC0006A149A /* ListingView.swift */ = {isa = PBXFileReference; lastKnownFileType = sourcecode.swift; path = ListingView.swift; sourceTree = "<group>"; };
		A6B0BE102B7AB341006A149A /* Listing.swift */ = {isa = PBXFileReference; lastKnownFileType = sourcecode.swift; path = Listing.swift; sourceTree = "<group>"; };
		A6B0BE122B7AB34E006A149A /* User.swift */ = {isa = PBXFileReference; lastKnownFileType = sourcecode.swift; path = User.swift; sourceTree = "<group>"; };
		A6B0BE152B7AC15F006A149A /* CreatePostView.swift */ = {isa = PBXFileReference; lastKnownFileType = sourcecode.swift; path = CreatePostView.swift; sourceTree = "<group>"; };
		A6B0BE5F2B7D811D006A149A /* SampleData.swift */ = {isa = PBXFileReference; lastKnownFileType = sourcecode.swift; path = SampleData.swift; sourceTree = "<group>"; };
		A6B0BE612B7D87D8006A149A /* Categories.swift */ = {isa = PBXFileReference; lastKnownFileType = sourcecode.swift; path = Categories.swift; sourceTree = "<group>"; };
		A6B0BE632B7E25F7006A149A /* Collection.swift */ = {isa = PBXFileReference; lastKnownFileType = sourcecode.swift; path = Collection.swift; sourceTree = "<group>"; };
/* End PBXFileReference section */

/* Begin PBXFrameworksBuildPhase section */
		99B5E6C62B75CAC700C0786A /* Frameworks */ = {
			isa = PBXFrameworksBuildPhase;
			buildActionMask = 2147483647;
			files = (
				99DFA6D02B9F93E400DEFC15 /* FirebaseDatabase in Frameworks */,
				99DFA6DE2B9F93E400DEFC15 /* FirebaseFunctionsCombine-Community in Frameworks */,
				99DFA6D62B9F93E400DEFC15 /* FirebaseFirestore in Frameworks */,
				99DFA6C22B9F93E400DEFC15 /* FirebaseAnalyticsSwift in Frameworks */,
				99DFA6BE2B9F93E400DEFC15 /* FirebaseAnalytics in Frameworks */,
				99DFA6C02B9F93E400DEFC15 /* FirebaseAnalyticsOnDeviceConversion in Frameworks */,
				99DFA6E62B9F93E400DEFC15 /* FirebaseMLModelDownloader in Frameworks */,
				99DFA6DA2B9F93E400DEFC15 /* FirebaseFirestoreSwift in Frameworks */,
				99DFA6C62B9F93E400DEFC15 /* FirebaseAppCheck in Frameworks */,
				99DFA6C42B9F93E400DEFC15 /* FirebaseAnalyticsWithoutAdIdSupport in Frameworks */,
				99DFA6CA2B9F93E400DEFC15 /* FirebaseAuth in Frameworks */,
				99DFA6CE2B9F93E400DEFC15 /* FirebaseCrashlytics in Frameworks */,
				99DFA6EE2B9F93E400DEFC15 /* FirebaseRemoteConfigSwift in Frameworks */,
				99DFA6E02B9F93E400DEFC15 /* FirebaseInAppMessaging-Beta in Frameworks */,
				99DFA6D22B9F93E400DEFC15 /* FirebaseDatabaseSwift in Frameworks */,
				99DFA6DC2B9F93E400DEFC15 /* FirebaseFunctions in Frameworks */,
				99DFA6F22B9F93E400DEFC15 /* FirebaseStorageCombine-Community in Frameworks */,
				99DFA6EC2B9F93E400DEFC15 /* FirebaseRemoteConfig in Frameworks */,
				99DFA6C82B9F93E400DEFC15 /* FirebaseAppDistribution-Beta in Frameworks */,
				99DFA6CC2B9F93E400DEFC15 /* FirebaseAuthCombine-Community in Frameworks */,
				99DFA6EA2B9F93E400DEFC15 /* FirebasePerformance in Frameworks */,
				99DFA6E22B9F93E400DEFC15 /* FirebaseInAppMessagingSwift-Beta in Frameworks */,
				99DFA6F02B9F93E400DEFC15 /* FirebaseStorage in Frameworks */,
				99DFA6D42B9F93E400DEFC15 /* FirebaseDynamicLinks in Frameworks */,
				99DFA6D82B9F93E400DEFC15 /* FirebaseFirestoreCombine-Community in Frameworks */,
				99DFA6E82B9F93E400DEFC15 /* FirebaseMessaging in Frameworks */,
				99DFA6E42B9F93E400DEFC15 /* FirebaseInstallations in Frameworks */,
			);
			runOnlyForDeploymentPostprocessing = 0;
		};
/* End PBXFrameworksBuildPhase section */

/* Begin PBXGroup section */
		996334062B7AF58200E1EBAA /* Selling */ = {
			isa = PBXGroup;
			children = (
				99B5E6E72B75D57F00C0786A /* MyPostsView.swift */,
				A6B0BE152B7AC15F006A149A /* CreatePostView.swift */,
				996334022B7AF55300E1EBAA /* PostView.swift */,
			);
			path = Selling;
			sourceTree = "<group>";
		};
		99741F0B2B7D4DE800B6311F /* Selling */ = {
			isa = PBXGroup;
			children = (
				99741F0D2B7D4E1300B6311F /* MyPostsRow.swift */,
				99DFA6F72B9FC9A600DEFC15 /* UploadPhotoSubview.swift */,
			);
			path = Selling;
			sourceTree = "<group>";
		};
		998345B02B8EA5AC00C4DB8E /* Controllers */ = {
			isa = PBXGroup;
			children = (
				990024582B7B515700F94DF7 /* DataAccess.swift */,
				998345B72B8EA65000C4DB8E /* FireAuthHelper.swift */,
				998345B12B8EA61300C4DB8E /* GeneralFireDBHelper.swift */,
				998345B32B8EA63500C4DB8E /* AuthenticationFireDBHelper.swift */,
				998345B52B8EA64200C4DB8E /* SellingFireDBHelper.swift */,
				99DFA6F32B9F9E8D00DEFC15 /* CameraPicker.swift */,
				99DFA6F52B9F9E9900DEFC15 /* PhotoLibraryPicker.swift */,
				9951C6362BA25DCE00F23131 /* LocationHelper.swift */,
			);
			path = Controllers;
			sourceTree = "<group>";
		};
		99B5E6C02B75CAC700C0786A = {
			isa = PBXGroup;
			children = (
				99B5E6CB2B75CAC700C0786A /* marketBay */,
				99B5E6CA2B75CAC700C0786A /* Products */,
			);
			sourceTree = "<group>";
		};
		99B5E6CA2B75CAC700C0786A /* Products */ = {
			isa = PBXGroup;
			children = (
				99B5E6C92B75CAC700C0786A /* marketBay.app */,
			);
			name = Products;
			sourceTree = "<group>";
		};
		99B5E6CB2B75CAC700C0786A /* marketBay */ = {
			isa = PBXGroup;
			children = (
				998345C12B8EB86D00C4DB8E /* GoogleService-Info.plist */,
				99B5E6CC2B75CAC700C0786A /* marketBayApp.swift */,
				A6B0BE0F2B7AB314006A149A /* Models */,
				A6B0BE142B7AB3C1006A149A /* Views */,
				998345B02B8EA5AC00C4DB8E /* Controllers */,
				99B5E6D02B75CACA00C0786A /* Assets.xcassets */,
				99B5E6D22B75CACA00C0786A /* Preview Content */,
			);
			path = marketBay;
			sourceTree = "<group>";
		};
		99B5E6D22B75CACA00C0786A /* Preview Content */ = {
			isa = PBXGroup;
			children = (
				99B5E6D32B75CACA00C0786A /* Preview Assets.xcassets */,
			);
			path = "Preview Content";
			sourceTree = "<group>";
		};
		99B5E6E42B75D4AE00C0786A /* Enums */ = {
			isa = PBXGroup;
			children = (
				99B5E6E52B75D4BA00C0786A /* Screens.swift */,
				990024562B7B4C7E00F94DF7 /* UserDefaultsEnum.swift */,
				A6B0BE612B7D87D8006A149A /* Categories.swift */,
				991375892B7DD12D0080D058 /* PostStatus.swift */,
				998345AE2B8E8A3800C4DB8E /* FirebaseConstants.swift */,
				A64C44532BA1EA4000614E8B /* Condition.swift */,
			);
			path = Enums;
			sourceTree = "<group>";
		};
		99B5E6EB2B75D64C00C0786A /* Subviews */ = {
			isa = PBXGroup;
			children = (
				99B5E6DC2B75CC3700C0786A /* MenuTemplate.swift */,
				9900245A2B7B62BA00F94DF7 /* CustomBackFragment.swift */,
				99741F0B2B7D4DE800B6311F /* Selling */,
				99741F152B7D65CE00B6311F /* PageHeadingFragment.swift */,
				99741F112B7D5FFA00B6311F /* TextboxFragment.swift */,
				99741F132B7D636400B6311F /* MultilineTextboxFragment.swift */,
				9913758B2B7DE73A0080D058 /* TextFragment.swift */,
			);
			path = Subviews;
			sourceTree = "<group>";
		};
		A6B0BE0F2B7AB314006A149A /* Models */ = {
			isa = PBXGroup;
			children = (
				99B5E6E42B75D4AE00C0786A /* Enums */,
				A6B0BE122B7AB34E006A149A /* User.swift */,
				998345BF2B8EAEB500C4DB8E /* MiniUser.swift */,
				A6B0BE102B7AB341006A149A /* Listing.swift */,
				998345B92B8EA69F00C4DB8E /* MiniListing.swift */,
				A6B0BE632B7E25F7006A149A /* Collection.swift */,
				998345BB2B8EAA8700C4DB8E /* Chatroom.swift */,
				998345BD2B8EAAFA00C4DB8E /* Chat.swift */,
				A6B0BE5F2B7D811D006A149A /* SampleData.swift */,
			);
			path = Models;
			sourceTree = "<group>";
		};
		A6B0BE142B7AB3C1006A149A /* Views */ = {
			isa = PBXGroup;
			children = (
				99DFA6AF2B9ECF1200DEFC15 /* MainView.swift */,
				A6B0BE172B7B4B29006A149A /* General */,
				A6B0BE182B7B4B4A006A149A /* Authentication */,
				996334062B7AF58200E1EBAA /* Selling */,
				99B5E6EB2B75D64C00C0786A /* Subviews */,
			);
			path = Views;
			sourceTree = "<group>";
		};
		A6B0BE172B7B4B29006A149A /* General */ = {
			isa = PBXGroup;
			children = (
				99B5E6DA2B75CB0500C0786A /* DashboardView.swift */,
				A6B0BE0B2B7AAF7E006A149A /* MarketplaceView.swift */,
				A6B0BE0D2B7AAFC0006A149A /* ListingView.swift */,
				99B5E6E22B75D28100C0786A /* FavoritesView.swift */,
				A64C44512BA1E5E500614E8B /* MapView.swift */,
			);
			path = General;
			sourceTree = "<group>";
		};
		A6B0BE182B7B4B4A006A149A /* Authentication */ = {
			isa = PBXGroup;
			children = (
				99B5E6DE2B75CC9C00C0786A /* LoginView.swift */,
				99B5E6E02B75CCBB00C0786A /* RegistrationView.swift */,
				99B5E6E92B75D5D700C0786A /* ProfileView.swift */,
			);
			path = Authentication;
			sourceTree = "<group>";
		};
/* End PBXGroup section */

/* Begin PBXNativeTarget section */
		99B5E6C82B75CAC700C0786A /* marketBay */ = {
			isa = PBXNativeTarget;
			buildConfigurationList = 99B5E6D72B75CACA00C0786A /* Build configuration list for PBXNativeTarget "marketBay" */;
			buildPhases = (
				99B5E6C52B75CAC700C0786A /* Sources */,
				99B5E6C62B75CAC700C0786A /* Frameworks */,
				99B5E6C72B75CAC700C0786A /* Resources */,
			);
			buildRules = (
			);
			dependencies = (
			);
			name = marketBay;
			packageProductDependencies = (
				99DFA6BD2B9F93E400DEFC15 /* FirebaseAnalytics */,
				99DFA6BF2B9F93E400DEFC15 /* FirebaseAnalyticsOnDeviceConversion */,
				99DFA6C12B9F93E400DEFC15 /* FirebaseAnalyticsSwift */,
				99DFA6C32B9F93E400DEFC15 /* FirebaseAnalyticsWithoutAdIdSupport */,
				99DFA6C52B9F93E400DEFC15 /* FirebaseAppCheck */,
				99DFA6C72B9F93E400DEFC15 /* FirebaseAppDistribution-Beta */,
				99DFA6C92B9F93E400DEFC15 /* FirebaseAuth */,
				99DFA6CB2B9F93E400DEFC15 /* FirebaseAuthCombine-Community */,
				99DFA6CD2B9F93E400DEFC15 /* FirebaseCrashlytics */,
				99DFA6CF2B9F93E400DEFC15 /* FirebaseDatabase */,
				99DFA6D12B9F93E400DEFC15 /* FirebaseDatabaseSwift */,
				99DFA6D32B9F93E400DEFC15 /* FirebaseDynamicLinks */,
				99DFA6D52B9F93E400DEFC15 /* FirebaseFirestore */,
				99DFA6D72B9F93E400DEFC15 /* FirebaseFirestoreCombine-Community */,
				99DFA6D92B9F93E400DEFC15 /* FirebaseFirestoreSwift */,
				99DFA6DB2B9F93E400DEFC15 /* FirebaseFunctions */,
				99DFA6DD2B9F93E400DEFC15 /* FirebaseFunctionsCombine-Community */,
				99DFA6DF2B9F93E400DEFC15 /* FirebaseInAppMessaging-Beta */,
				99DFA6E12B9F93E400DEFC15 /* FirebaseInAppMessagingSwift-Beta */,
				99DFA6E32B9F93E400DEFC15 /* FirebaseInstallations */,
				99DFA6E52B9F93E400DEFC15 /* FirebaseMLModelDownloader */,
				99DFA6E72B9F93E400DEFC15 /* FirebaseMessaging */,
				99DFA6E92B9F93E400DEFC15 /* FirebasePerformance */,
				99DFA6EB2B9F93E400DEFC15 /* FirebaseRemoteConfig */,
				99DFA6ED2B9F93E400DEFC15 /* FirebaseRemoteConfigSwift */,
				99DFA6EF2B9F93E400DEFC15 /* FirebaseStorage */,
				99DFA6F12B9F93E400DEFC15 /* FirebaseStorageCombine-Community */,
			);
			productName = marketBay;
			productReference = 99B5E6C92B75CAC700C0786A /* marketBay.app */;
			productType = "com.apple.product-type.application";
		};
/* End PBXNativeTarget section */

/* Begin PBXProject section */
		99B5E6C12B75CAC700C0786A /* Project object */ = {
			isa = PBXProject;
			attributes = {
				BuildIndependentTargetsInParallel = 1;
				LastSwiftUpdateCheck = 1520;
				LastUpgradeCheck = 1520;
				TargetAttributes = {
					99B5E6C82B75CAC700C0786A = {
						CreatedOnToolsVersion = 15.2;
					};
				};
			};
			buildConfigurationList = 99B5E6C42B75CAC700C0786A /* Build configuration list for PBXProject "marketBay" */;
			compatibilityVersion = "Xcode 14.0";
			developmentRegion = en;
			hasScannedForEncodings = 0;
			knownRegions = (
				en,
				Base,
			);
			mainGroup = 99B5E6C02B75CAC700C0786A;
			packageReferences = (
				99DFA6BC2B9F93E400DEFC15 /* XCRemoteSwiftPackageReference "firebase-ios-sdk" */,
			);
			productRefGroup = 99B5E6CA2B75CAC700C0786A /* Products */;
			projectDirPath = "";
			projectRoot = "";
			targets = (
				99B5E6C82B75CAC700C0786A /* marketBay */,
			);
		};
/* End PBXProject section */

/* Begin PBXResourcesBuildPhase section */
		99B5E6C72B75CAC700C0786A /* Resources */ = {
			isa = PBXResourcesBuildPhase;
			buildActionMask = 2147483647;
			files = (
				99B5E6D42B75CACA00C0786A /* Preview Assets.xcassets in Resources */,
				99B5E6D12B75CACA00C0786A /* Assets.xcassets in Resources */,
				998345C22B8EB86D00C4DB8E /* GoogleService-Info.plist in Resources */,
			);
			runOnlyForDeploymentPostprocessing = 0;
		};
/* End PBXResourcesBuildPhase section */

/* Begin PBXSourcesBuildPhase section */
		99B5E6C52B75CAC700C0786A /* Sources */ = {
			isa = PBXSourcesBuildPhase;
			buildActionMask = 2147483647;
			files = (
				A6B0BE132B7AB34E006A149A /* User.swift in Sources */,
				99DFA6B02B9ECF1200DEFC15 /* MainView.swift in Sources */,
				998345C02B8EAEB500C4DB8E /* MiniUser.swift in Sources */,
				A6B0BE622B7D87D8006A149A /* Categories.swift in Sources */,
				998345BC2B8EAA8700C4DB8E /* Chatroom.swift in Sources */,
				99B5E6DD2B75CC3700C0786A /* MenuTemplate.swift in Sources */,
				990024572B7B4C7E00F94DF7 /* UserDefaultsEnum.swift in Sources */,
				99DFA6F82B9FC9A600DEFC15 /* UploadPhotoSubview.swift in Sources */,
				998345B82B8EA65000C4DB8E /* FireAuthHelper.swift in Sources */,
				998345BA2B8EA69F00C4DB8E /* MiniListing.swift in Sources */,
				99B5E6EA2B75D5D700C0786A /* ProfileView.swift in Sources */,
				A6B0BE0C2B7AAF7E006A149A /* MarketplaceView.swift in Sources */,
				998345AF2B8E8A3800C4DB8E /* FirebaseConstants.swift in Sources */,
				99B5E6DB2B75CB0500C0786A /* DashboardView.swift in Sources */,
				A6B0BE642B7E25F7006A149A /* Collection.swift in Sources */,
				99B5E6E32B75D28100C0786A /* FavoritesView.swift in Sources */,
				9913758C2B7DE73A0080D058 /* TextFragment.swift in Sources */,
				998345BE2B8EAAFA00C4DB8E /* Chat.swift in Sources */,
				A64C44522BA1E5E500614E8B /* MapView.swift in Sources */,
				A6B0BE162B7AC15F006A149A /* CreatePostView.swift in Sources */,
				998345B42B8EA63500C4DB8E /* AuthenticationFireDBHelper.swift in Sources */,
				99741F122B7D5FFA00B6311F /* TextboxFragment.swift in Sources */,
				99B5E6DF2B75CC9C00C0786A /* LoginView.swift in Sources */,
				9913758A2B7DD12D0080D058 /* PostStatus.swift in Sources */,
				99B5E6E62B75D4BA00C0786A /* Screens.swift in Sources */,
				99741F162B7D65CE00B6311F /* PageHeadingFragment.swift in Sources */,
				9900245B2B7B62BA00F94DF7 /* CustomBackFragment.swift in Sources */,
				99B5E6CD2B75CAC700C0786A /* marketBayApp.swift in Sources */,
				998345B22B8EA61300C4DB8E /* GeneralFireDBHelper.swift in Sources */,
				99741F142B7D636400B6311F /* MultilineTextboxFragment.swift in Sources */,
				99B5E6E82B75D57F00C0786A /* MyPostsView.swift in Sources */,
				A6B0BE0E2B7AAFC0006A149A /* ListingView.swift in Sources */,
				99DFA6F62B9F9E9A00DEFC15 /* PhotoLibraryPicker.swift in Sources */,
				998345B62B8EA64200C4DB8E /* SellingFireDBHelper.swift in Sources */,
				9951C6372BA25DCE00F23131 /* LocationHelper.swift in Sources */,
				A6B0BE112B7AB341006A149A /* Listing.swift in Sources */,
				99DFA6F42B9F9E8D00DEFC15 /* CameraPicker.swift in Sources */,
				996334032B7AF55300E1EBAA /* PostView.swift in Sources */,
				A64C44542BA1EA4000614E8B /* Condition.swift in Sources */,
				A6B0BE602B7D811D006A149A /* SampleData.swift in Sources */,
				99B5E6E12B75CCBB00C0786A /* RegistrationView.swift in Sources */,
				99741F0E2B7D4E1300B6311F /* MyPostsRow.swift in Sources */,
				990024592B7B515700F94DF7 /* DataAccess.swift in Sources */,
			);
			runOnlyForDeploymentPostprocessing = 0;
		};
/* End PBXSourcesBuildPhase section */

/* Begin XCBuildConfiguration section */
		99B5E6D52B75CACA00C0786A /* Debug */ = {
			isa = XCBuildConfiguration;
			buildSettings = {
				ALWAYS_SEARCH_USER_PATHS = NO;
				ASSETCATALOG_COMPILER_GENERATE_SWIFT_ASSET_SYMBOL_EXTENSIONS = YES;
				CLANG_ANALYZER_NONNULL = YES;
				CLANG_ANALYZER_NUMBER_OBJECT_CONVERSION = YES_AGGRESSIVE;
				CLANG_CXX_LANGUAGE_STANDARD = "gnu++20";
				CLANG_ENABLE_MODULES = YES;
				CLANG_ENABLE_OBJC_ARC = YES;
				CLANG_ENABLE_OBJC_WEAK = YES;
				CLANG_WARN_BLOCK_CAPTURE_AUTORELEASING = YES;
				CLANG_WARN_BOOL_CONVERSION = YES;
				CLANG_WARN_COMMA = YES;
				CLANG_WARN_CONSTANT_CONVERSION = YES;
				CLANG_WARN_DEPRECATED_OBJC_IMPLEMENTATIONS = YES;
				CLANG_WARN_DIRECT_OBJC_ISA_USAGE = YES_ERROR;
				CLANG_WARN_DOCUMENTATION_COMMENTS = YES;
				CLANG_WARN_EMPTY_BODY = YES;
				CLANG_WARN_ENUM_CONVERSION = YES;
				CLANG_WARN_INFINITE_RECURSION = YES;
				CLANG_WARN_INT_CONVERSION = YES;
				CLANG_WARN_NON_LITERAL_NULL_CONVERSION = YES;
				CLANG_WARN_OBJC_IMPLICIT_RETAIN_SELF = YES;
				CLANG_WARN_OBJC_LITERAL_CONVERSION = YES;
				CLANG_WARN_OBJC_ROOT_CLASS = YES_ERROR;
				CLANG_WARN_QUOTED_INCLUDE_IN_FRAMEWORK_HEADER = YES;
				CLANG_WARN_RANGE_LOOP_ANALYSIS = YES;
				CLANG_WARN_STRICT_PROTOTYPES = YES;
				CLANG_WARN_SUSPICIOUS_MOVE = YES;
				CLANG_WARN_UNGUARDED_AVAILABILITY = YES_AGGRESSIVE;
				CLANG_WARN_UNREACHABLE_CODE = YES;
				CLANG_WARN__DUPLICATE_METHOD_MATCH = YES;
				COPY_PHASE_STRIP = NO;
				DEBUG_INFORMATION_FORMAT = dwarf;
				ENABLE_STRICT_OBJC_MSGSEND = YES;
				ENABLE_TESTABILITY = YES;
				ENABLE_USER_SCRIPT_SANDBOXING = YES;
				GCC_C_LANGUAGE_STANDARD = gnu17;
				GCC_DYNAMIC_NO_PIC = NO;
				GCC_NO_COMMON_BLOCKS = YES;
				GCC_OPTIMIZATION_LEVEL = 0;
				GCC_PREPROCESSOR_DEFINITIONS = (
					"DEBUG=1",
					"$(inherited)",
				);
				GCC_WARN_64_TO_32_BIT_CONVERSION = YES;
				GCC_WARN_ABOUT_RETURN_TYPE = YES_ERROR;
				GCC_WARN_UNDECLARED_SELECTOR = YES;
				GCC_WARN_UNINITIALIZED_AUTOS = YES_AGGRESSIVE;
				GCC_WARN_UNUSED_FUNCTION = YES;
				GCC_WARN_UNUSED_VARIABLE = YES;
				IPHONEOS_DEPLOYMENT_TARGET = 17.2;
				LOCALIZATION_PREFERS_STRING_CATALOGS = YES;
				MTL_ENABLE_DEBUG_INFO = INCLUDE_SOURCE;
				MTL_FAST_MATH = YES;
				ONLY_ACTIVE_ARCH = YES;
				SDKROOT = iphoneos;
				SWIFT_ACTIVE_COMPILATION_CONDITIONS = "DEBUG $(inherited)";
				SWIFT_OPTIMIZATION_LEVEL = "-Onone";
			};
			name = Debug;
		};
		99B5E6D62B75CACA00C0786A /* Release */ = {
			isa = XCBuildConfiguration;
			buildSettings = {
				ALWAYS_SEARCH_USER_PATHS = NO;
				ASSETCATALOG_COMPILER_GENERATE_SWIFT_ASSET_SYMBOL_EXTENSIONS = YES;
				CLANG_ANALYZER_NONNULL = YES;
				CLANG_ANALYZER_NUMBER_OBJECT_CONVERSION = YES_AGGRESSIVE;
				CLANG_CXX_LANGUAGE_STANDARD = "gnu++20";
				CLANG_ENABLE_MODULES = YES;
				CLANG_ENABLE_OBJC_ARC = YES;
				CLANG_ENABLE_OBJC_WEAK = YES;
				CLANG_WARN_BLOCK_CAPTURE_AUTORELEASING = YES;
				CLANG_WARN_BOOL_CONVERSION = YES;
				CLANG_WARN_COMMA = YES;
				CLANG_WARN_CONSTANT_CONVERSION = YES;
				CLANG_WARN_DEPRECATED_OBJC_IMPLEMENTATIONS = YES;
				CLANG_WARN_DIRECT_OBJC_ISA_USAGE = YES_ERROR;
				CLANG_WARN_DOCUMENTATION_COMMENTS = YES;
				CLANG_WARN_EMPTY_BODY = YES;
				CLANG_WARN_ENUM_CONVERSION = YES;
				CLANG_WARN_INFINITE_RECURSION = YES;
				CLANG_WARN_INT_CONVERSION = YES;
				CLANG_WARN_NON_LITERAL_NULL_CONVERSION = YES;
				CLANG_WARN_OBJC_IMPLICIT_RETAIN_SELF = YES;
				CLANG_WARN_OBJC_LITERAL_CONVERSION = YES;
				CLANG_WARN_OBJC_ROOT_CLASS = YES_ERROR;
				CLANG_WARN_QUOTED_INCLUDE_IN_FRAMEWORK_HEADER = YES;
				CLANG_WARN_RANGE_LOOP_ANALYSIS = YES;
				CLANG_WARN_STRICT_PROTOTYPES = YES;
				CLANG_WARN_SUSPICIOUS_MOVE = YES;
				CLANG_WARN_UNGUARDED_AVAILABILITY = YES_AGGRESSIVE;
				CLANG_WARN_UNREACHABLE_CODE = YES;
				CLANG_WARN__DUPLICATE_METHOD_MATCH = YES;
				COPY_PHASE_STRIP = NO;
				DEBUG_INFORMATION_FORMAT = "dwarf-with-dsym";
				ENABLE_NS_ASSERTIONS = NO;
				ENABLE_STRICT_OBJC_MSGSEND = YES;
				ENABLE_USER_SCRIPT_SANDBOXING = YES;
				GCC_C_LANGUAGE_STANDARD = gnu17;
				GCC_NO_COMMON_BLOCKS = YES;
				GCC_WARN_64_TO_32_BIT_CONVERSION = YES;
				GCC_WARN_ABOUT_RETURN_TYPE = YES_ERROR;
				GCC_WARN_UNDECLARED_SELECTOR = YES;
				GCC_WARN_UNINITIALIZED_AUTOS = YES_AGGRESSIVE;
				GCC_WARN_UNUSED_FUNCTION = YES;
				GCC_WARN_UNUSED_VARIABLE = YES;
				IPHONEOS_DEPLOYMENT_TARGET = 17.2;
				LOCALIZATION_PREFERS_STRING_CATALOGS = YES;
				MTL_ENABLE_DEBUG_INFO = NO;
				MTL_FAST_MATH = YES;
				SDKROOT = iphoneos;
				SWIFT_COMPILATION_MODE = wholemodule;
				VALIDATE_PRODUCT = YES;
			};
			name = Release;
		};
		99B5E6D82B75CACA00C0786A /* Debug */ = {
			isa = XCBuildConfiguration;
			buildSettings = {
				ASSETCATALOG_COMPILER_APPICON_NAME = AppIcon;
				ASSETCATALOG_COMPILER_GLOBAL_ACCENT_COLOR_NAME = AccentColor;
				CODE_SIGN_STYLE = Automatic;
				CURRENT_PROJECT_VERSION = 1;
				DEVELOPMENT_ASSET_PATHS = "\"marketBay/Preview Content\"";
				DEVELOPMENT_TEAM = W83ZFFV5H6;
				ENABLE_PREVIEWS = YES;
				GENERATE_INFOPLIST_FILE = YES;
				INFOPLIST_KEY_NSCameraUsageDescription = "Allow access to upload photos taken with the Camera";
				INFOPLIST_KEY_NSPhotoLibraryAddUsageDescription = "Allow access to Photo Library to save photos";
				INFOPLIST_KEY_NSPhotoLibraryUsageDescription = "Allow access to upload photos from Photo Library";
				INFOPLIST_KEY_UIApplicationSceneManifest_Generation = YES;
				INFOPLIST_KEY_UIApplicationSupportsIndirectInputEvents = YES;
				INFOPLIST_KEY_UILaunchScreen_Generation = YES;
				INFOPLIST_KEY_UISupportedInterfaceOrientations_iPad = "UIInterfaceOrientationPortrait UIInterfaceOrientationPortraitUpsideDown UIInterfaceOrientationLandscapeLeft UIInterfaceOrientationLandscapeRight";
				INFOPLIST_KEY_UISupportedInterfaceOrientations_iPhone = "UIInterfaceOrientationPortrait UIInterfaceOrientationLandscapeLeft UIInterfaceOrientationLandscapeRight";
				LD_RUNPATH_SEARCH_PATHS = (
					"$(inherited)",
					"@executable_path/Frameworks",
				);
				MARKETING_VERSION = 1.0;
				PRODUCT_BUNDLE_IDENTIFIER = com.groupthree.marketBay;
				PRODUCT_NAME = "$(TARGET_NAME)";
				SWIFT_EMIT_LOC_STRINGS = YES;
				SWIFT_VERSION = 5.0;
				TARGETED_DEVICE_FAMILY = "1,2";
			};
			name = Debug;
		};
		99B5E6D92B75CACA00C0786A /* Release */ = {
			isa = XCBuildConfiguration;
			buildSettings = {
				ASSETCATALOG_COMPILER_APPICON_NAME = AppIcon;
				ASSETCATALOG_COMPILER_GLOBAL_ACCENT_COLOR_NAME = AccentColor;
				CODE_SIGN_STYLE = Automatic;
				CURRENT_PROJECT_VERSION = 1;
				DEVELOPMENT_ASSET_PATHS = "\"marketBay/Preview Content\"";
				DEVELOPMENT_TEAM = W83ZFFV5H6;
				ENABLE_PREVIEWS = YES;
				GENERATE_INFOPLIST_FILE = YES;
				INFOPLIST_KEY_NSCameraUsageDescription = "Allow access to upload photos taken with the Camera";
				INFOPLIST_KEY_NSPhotoLibraryAddUsageDescription = "Allow access to Photo Library to save photos";
				INFOPLIST_KEY_NSPhotoLibraryUsageDescription = "Allow access to upload photos from Photo Library";
				INFOPLIST_KEY_UIApplicationSceneManifest_Generation = YES;
				INFOPLIST_KEY_UIApplicationSupportsIndirectInputEvents = YES;
				INFOPLIST_KEY_UILaunchScreen_Generation = YES;
				INFOPLIST_KEY_UISupportedInterfaceOrientations_iPad = "UIInterfaceOrientationPortrait UIInterfaceOrientationPortraitUpsideDown UIInterfaceOrientationLandscapeLeft UIInterfaceOrientationLandscapeRight";
				INFOPLIST_KEY_UISupportedInterfaceOrientations_iPhone = "UIInterfaceOrientationPortrait UIInterfaceOrientationLandscapeLeft UIInterfaceOrientationLandscapeRight";
				LD_RUNPATH_SEARCH_PATHS = (
					"$(inherited)",
					"@executable_path/Frameworks",
				);
				MARKETING_VERSION = 1.0;
				PRODUCT_BUNDLE_IDENTIFIER = com.groupthree.marketBay;
				PRODUCT_NAME = "$(TARGET_NAME)";
				SWIFT_EMIT_LOC_STRINGS = YES;
				SWIFT_VERSION = 5.0;
				TARGETED_DEVICE_FAMILY = "1,2";
			};
			name = Release;
		};
/* End XCBuildConfiguration section */

/* Begin XCConfigurationList section */
		99B5E6C42B75CAC700C0786A /* Build configuration list for PBXProject "marketBay" */ = {
			isa = XCConfigurationList;
			buildConfigurations = (
				99B5E6D52B75CACA00C0786A /* Debug */,
				99B5E6D62B75CACA00C0786A /* Release */,
			);
			defaultConfigurationIsVisible = 0;
			defaultConfigurationName = Release;
		};
		99B5E6D72B75CACA00C0786A /* Build configuration list for PBXNativeTarget "marketBay" */ = {
			isa = XCConfigurationList;
			buildConfigurations = (
				99B5E6D82B75CACA00C0786A /* Debug */,
				99B5E6D92B75CACA00C0786A /* Release */,
			);
			defaultConfigurationIsVisible = 0;
			defaultConfigurationName = Release;
		};
/* End XCConfigurationList section */

/* Begin XCRemoteSwiftPackageReference section */
		99DFA6BC2B9F93E400DEFC15 /* XCRemoteSwiftPackageReference "firebase-ios-sdk" */ = {
			isa = XCRemoteSwiftPackageReference;
			repositoryURL = "https://github.com/firebase/firebase-ios-sdk";
			requirement = {
				kind = upToNextMajorVersion;
				minimumVersion = 10.22.1;
			};
		};
/* End XCRemoteSwiftPackageReference section */

/* Begin XCSwiftPackageProductDependency section */
		99DFA6BD2B9F93E400DEFC15 /* FirebaseAnalytics */ = {
			isa = XCSwiftPackageProductDependency;
			package = 99DFA6BC2B9F93E400DEFC15 /* XCRemoteSwiftPackageReference "firebase-ios-sdk" */;
			productName = FirebaseAnalytics;
		};
		99DFA6BF2B9F93E400DEFC15 /* FirebaseAnalyticsOnDeviceConversion */ = {
			isa = XCSwiftPackageProductDependency;
			package = 99DFA6BC2B9F93E400DEFC15 /* XCRemoteSwiftPackageReference "firebase-ios-sdk" */;
			productName = FirebaseAnalyticsOnDeviceConversion;
		};
		99DFA6C12B9F93E400DEFC15 /* FirebaseAnalyticsSwift */ = {
			isa = XCSwiftPackageProductDependency;
			package = 99DFA6BC2B9F93E400DEFC15 /* XCRemoteSwiftPackageReference "firebase-ios-sdk" */;
			productName = FirebaseAnalyticsSwift;
		};
		99DFA6C32B9F93E400DEFC15 /* FirebaseAnalyticsWithoutAdIdSupport */ = {
			isa = XCSwiftPackageProductDependency;
			package = 99DFA6BC2B9F93E400DEFC15 /* XCRemoteSwiftPackageReference "firebase-ios-sdk" */;
			productName = FirebaseAnalyticsWithoutAdIdSupport;
		};
		99DFA6C52B9F93E400DEFC15 /* FirebaseAppCheck */ = {
			isa = XCSwiftPackageProductDependency;
			package = 99DFA6BC2B9F93E400DEFC15 /* XCRemoteSwiftPackageReference "firebase-ios-sdk" */;
			productName = FirebaseAppCheck;
		};
		99DFA6C72B9F93E400DEFC15 /* FirebaseAppDistribution-Beta */ = {
			isa = XCSwiftPackageProductDependency;
			package = 99DFA6BC2B9F93E400DEFC15 /* XCRemoteSwiftPackageReference "firebase-ios-sdk" */;
			productName = "FirebaseAppDistribution-Beta";
		};
		99DFA6C92B9F93E400DEFC15 /* FirebaseAuth */ = {
			isa = XCSwiftPackageProductDependency;
			package = 99DFA6BC2B9F93E400DEFC15 /* XCRemoteSwiftPackageReference "firebase-ios-sdk" */;
			productName = FirebaseAuth;
		};
		99DFA6CB2B9F93E400DEFC15 /* FirebaseAuthCombine-Community */ = {
			isa = XCSwiftPackageProductDependency;
			package = 99DFA6BC2B9F93E400DEFC15 /* XCRemoteSwiftPackageReference "firebase-ios-sdk" */;
			productName = "FirebaseAuthCombine-Community";
		};
		99DFA6CD2B9F93E400DEFC15 /* FirebaseCrashlytics */ = {
			isa = XCSwiftPackageProductDependency;
			package = 99DFA6BC2B9F93E400DEFC15 /* XCRemoteSwiftPackageReference "firebase-ios-sdk" */;
			productName = FirebaseCrashlytics;
		};
		99DFA6CF2B9F93E400DEFC15 /* FirebaseDatabase */ = {
			isa = XCSwiftPackageProductDependency;
			package = 99DFA6BC2B9F93E400DEFC15 /* XCRemoteSwiftPackageReference "firebase-ios-sdk" */;
			productName = FirebaseDatabase;
		};
		99DFA6D12B9F93E400DEFC15 /* FirebaseDatabaseSwift */ = {
			isa = XCSwiftPackageProductDependency;
			package = 99DFA6BC2B9F93E400DEFC15 /* XCRemoteSwiftPackageReference "firebase-ios-sdk" */;
			productName = FirebaseDatabaseSwift;
		};
		99DFA6D32B9F93E400DEFC15 /* FirebaseDynamicLinks */ = {
			isa = XCSwiftPackageProductDependency;
			package = 99DFA6BC2B9F93E400DEFC15 /* XCRemoteSwiftPackageReference "firebase-ios-sdk" */;
			productName = FirebaseDynamicLinks;
		};
		99DFA6D52B9F93E400DEFC15 /* FirebaseFirestore */ = {
			isa = XCSwiftPackageProductDependency;
			package = 99DFA6BC2B9F93E400DEFC15 /* XCRemoteSwiftPackageReference "firebase-ios-sdk" */;
			productName = FirebaseFirestore;
		};
		99DFA6D72B9F93E400DEFC15 /* FirebaseFirestoreCombine-Community */ = {
			isa = XCSwiftPackageProductDependency;
			package = 99DFA6BC2B9F93E400DEFC15 /* XCRemoteSwiftPackageReference "firebase-ios-sdk" */;
			productName = "FirebaseFirestoreCombine-Community";
		};
		99DFA6D92B9F93E400DEFC15 /* FirebaseFirestoreSwift */ = {
			isa = XCSwiftPackageProductDependency;
			package = 99DFA6BC2B9F93E400DEFC15 /* XCRemoteSwiftPackageReference "firebase-ios-sdk" */;
			productName = FirebaseFirestoreSwift;
		};
		99DFA6DB2B9F93E400DEFC15 /* FirebaseFunctions */ = {
			isa = XCSwiftPackageProductDependency;
			package = 99DFA6BC2B9F93E400DEFC15 /* XCRemoteSwiftPackageReference "firebase-ios-sdk" */;
			productName = FirebaseFunctions;
		};
		99DFA6DD2B9F93E400DEFC15 /* FirebaseFunctionsCombine-Community */ = {
			isa = XCSwiftPackageProductDependency;
			package = 99DFA6BC2B9F93E400DEFC15 /* XCRemoteSwiftPackageReference "firebase-ios-sdk" */;
			productName = "FirebaseFunctionsCombine-Community";
		};
		99DFA6DF2B9F93E400DEFC15 /* FirebaseInAppMessaging-Beta */ = {
			isa = XCSwiftPackageProductDependency;
			package = 99DFA6BC2B9F93E400DEFC15 /* XCRemoteSwiftPackageReference "firebase-ios-sdk" */;
			productName = "FirebaseInAppMessaging-Beta";
		};
		99DFA6E12B9F93E400DEFC15 /* FirebaseInAppMessagingSwift-Beta */ = {
			isa = XCSwiftPackageProductDependency;
			package = 99DFA6BC2B9F93E400DEFC15 /* XCRemoteSwiftPackageReference "firebase-ios-sdk" */;
			productName = "FirebaseInAppMessagingSwift-Beta";
		};
		99DFA6E32B9F93E400DEFC15 /* FirebaseInstallations */ = {
			isa = XCSwiftPackageProductDependency;
			package = 99DFA6BC2B9F93E400DEFC15 /* XCRemoteSwiftPackageReference "firebase-ios-sdk" */;
			productName = FirebaseInstallations;
		};
		99DFA6E52B9F93E400DEFC15 /* FirebaseMLModelDownloader */ = {
			isa = XCSwiftPackageProductDependency;
			package = 99DFA6BC2B9F93E400DEFC15 /* XCRemoteSwiftPackageReference "firebase-ios-sdk" */;
			productName = FirebaseMLModelDownloader;
		};
		99DFA6E72B9F93E400DEFC15 /* FirebaseMessaging */ = {
			isa = XCSwiftPackageProductDependency;
			package = 99DFA6BC2B9F93E400DEFC15 /* XCRemoteSwiftPackageReference "firebase-ios-sdk" */;
			productName = FirebaseMessaging;
		};
		99DFA6E92B9F93E400DEFC15 /* FirebasePerformance */ = {
			isa = XCSwiftPackageProductDependency;
			package = 99DFA6BC2B9F93E400DEFC15 /* XCRemoteSwiftPackageReference "firebase-ios-sdk" */;
			productName = FirebasePerformance;
		};
		99DFA6EB2B9F93E400DEFC15 /* FirebaseRemoteConfig */ = {
			isa = XCSwiftPackageProductDependency;
			package = 99DFA6BC2B9F93E400DEFC15 /* XCRemoteSwiftPackageReference "firebase-ios-sdk" */;
			productName = FirebaseRemoteConfig;
		};
		99DFA6ED2B9F93E400DEFC15 /* FirebaseRemoteConfigSwift */ = {
			isa = XCSwiftPackageProductDependency;
			package = 99DFA6BC2B9F93E400DEFC15 /* XCRemoteSwiftPackageReference "firebase-ios-sdk" */;
			productName = FirebaseRemoteConfigSwift;
		};
		99DFA6EF2B9F93E400DEFC15 /* FirebaseStorage */ = {
			isa = XCSwiftPackageProductDependency;
			package = 99DFA6BC2B9F93E400DEFC15 /* XCRemoteSwiftPackageReference "firebase-ios-sdk" */;
			productName = FirebaseStorage;
		};
		99DFA6F12B9F93E400DEFC15 /* FirebaseStorageCombine-Community */ = {
			isa = XCSwiftPackageProductDependency;
			package = 99DFA6BC2B9F93E400DEFC15 /* XCRemoteSwiftPackageReference "firebase-ios-sdk" */;
			productName = "FirebaseStorageCombine-Community";
		};
/* End XCSwiftPackageProductDependency section */
	};
	rootObject = 99B5E6C12B75CAC700C0786A /* Project object */;
}
